
Microsoft Visual Studio Solution File, Format Version 12.00
# Visual Studio 15
VisualStudioVersion = 15.0.27703.2035
MinimumVisualStudioVersion = 10.0.40219.1
Project("{F184B08F-C81C-45F6-A57F-5ABD9991F28F}") = "Currency Converter", "Currency Converter\Currency Converter.vbproj", "{6A327909-A698-432D-9DBA-BB373C22BDC0}"
EndProject
Global
	GlobalSection(SolutionConfigurationPlatforms) = preSolution
		Debug|Any CPU = Debug|Any CPU
		Release|Any CPU = Release|Any CPU
	EndGlobalSection
	GlobalSection(ProjectConfigurationPlatforms) = postSolution
		{6A327909-A698-432D-9DBA-BB373C22BDC0}.Debug|Any CPU.ActiveCfg = Debug|Any CPU
		{6A327909-A698-432D-9DBA-BB373C22BDC0}.Debug|Any CPU.Build.0 = Debug|Any CPU
		{6A327909-A698-432D-9DBA-BB373C22BDC0}.Release|Any CPU.ActiveCfg = Release|Any CPU
		{6A327909-A698-432D-9DBA-BB373C22BDC0}.Release|Any CPU.Build.0 = Release|Any CPU
	EndGlobalSection
	GlobalSection(SolutionProperties) = preSolution
		HideSolutionNode = FALSE
	EndGlobalSection
	GlobalSection(ExtensibilityGlobals) = postSolution
		SolutionGuid = {882FE94C-E59F-4B89-A9BF-E8D6239E7A33}
	EndGlobalSection
EndGlobal
